// !$*UTF8*$!
{
	archiveVersion = 1;
	classes = {
	};
	objectVersion = 46;
	objects = {

/* Begin PBXBuildFile section */
		F10349941BD0AC5600747DCA /* main.cpp in Sources */ = {isa = PBXBuildFile; fileRef = F10349931BD0AC5600747DCA /* main.cpp */; };
		F103499C1BD0AC6A00747DCA /* Process.cpp in Sources */ = {isa = PBXBuildFile; fileRef = F103499A1BD0AC6A00747DCA /* Process.cpp */; settings = {ASSET_TAGS = (); }; };
		F1396F2E1BD542EE005CFCA8 /* SJF.cpp in Sources */ = {isa = PBXBuildFile; fileRef = F1396F2C1BD542EE005CFCA8 /* SJF.cpp */; settings = {ASSET_TAGS = (); }; };
/* End PBXBuildFile section */

/* Begin PBXCopyFilesBuildPhase section */
		F103498E1BD0AC5600747DCA /* CopyFiles */ = {
			isa = PBXCopyFilesBuildPhase;
			buildActionMask = 2147483647;
			dstPath = /usr/share/man/man1/;
			dstSubfolderSpec = 0;
			files = (
			);
			runOnlyForDeploymentPostprocessing = 1;
		};
/* End PBXCopyFilesBuildPhase section */

/* Begin PBXFileReference section */
		F10349901BD0AC5600747DCA /* Procesos */ = {isa = PBXFileReference; explicitFileType = "compiled.mach-o.executable"; includeInIndex = 0; path = Procesos; sourceTree = BUILT_PRODUCTS_DIR; };
		F10349931BD0AC5600747DCA /* main.cpp */ = {isa = PBXFileReference; lastKnownFileType = sourcecode.cpp.cpp; path = main.cpp; sourceTree = "<group>"; usesTabs = 0; };
		F103499A1BD0AC6A00747DCA /* Process.cpp */ = {isa = PBXFileReference; fileEncoding = 4; lastKnownFileType = sourcecode.cpp.cpp; path = Process.cpp; sourceTree = "<group>"; };
		F103499D1BD0ACBE00747DCA /* Process.h */ = {isa = PBXFileReference; lastKnownFileType = sourcecode.c.h; path = Process.h; sourceTree = "<group>"; };
		F103499E1BD0AF4000747DCA /* procesos.txt */ = {isa = PBXFileReference; fileEncoding = 4; lastKnownFileType = text; path = procesos.txt; sourceTree = "<group>"; };
		F1396F2B1BD54258005CFCA8 /* SJF.h */ = {isa = PBXFileReference; lastKnownFileType = sourcecode.c.h; path = SJF.h; sourceTree = "<group>"; };
		F1396F2C1BD542EE005CFCA8 /* SJF.cpp */ = {isa = PBXFileReference; fileEncoding = 4; lastKnownFileType = sourcecode.cpp.cpp; path = SJF.cpp; sourceTree = "<group>"; };
/* End PBXFileReference section */

/* Begin PBXFrameworksBuildPhase section */
		F103498D1BD0AC5600747DCA /* Frameworks */ = {
			isa = PBXFrameworksBuildPhase;
			buildActionMask = 2147483647;
			files = (
			);
			runOnlyForDeploymentPostprocessing = 0;
		};
/* End PBXFrameworksBuildPhase section */

/* Begin PBXGroup section */
		F10349871BD0AC5600747DCA = {
			isa = PBXGroup;
			children = (
				F10349921BD0AC5600747DCA /* Procesos */,
				F10349911BD0AC5600747DCA /* Products */,
			);
			sourceTree = "<group>";
		};
		F10349911BD0AC5600747DCA /* Products */ = {
			isa = PBXGroup;
			children = (
				F10349901BD0AC5600747DCA /* Procesos */,
			);
			name = Products;
			sourceTree = "<group>";
		};
		F10349921BD0AC5600747DCA /* Procesos */ = {
			isa = PBXGroup;
			children = (
				F10349931BD0AC5600747DCA /* main.cpp */,
				F1396F2B1BD54258005CFCA8 /* SJF.h */,
				F1396F2C1BD542EE005CFCA8 /* SJF.cpp */,
				F103499D1BD0ACBE00747DCA /* Process.h */,
				F103499A1BD0AC6A00747DCA /* Process.cpp */,
				F103499E1BD0AF4000747DCA /* procesos.txt */,
			);
			path = Procesos;
			sourceTree = "<group>";
		};
/* End PBXGroup section */

/* Begin PBXNativeTarget section */
		F103498F1BD0AC5600747DCA /* Procesos */ = {
			isa = PBXNativeTarget;
			buildConfigurationList = F10349971BD0AC5600747DCA /* Build configuration list for PBXNativeTarget "Procesos" */;
			buildPhases = (
				F103498C1BD0AC5600747DCA /* Sources */,
				F103498D1BD0AC5600747DCA /* Frameworks */,
				F103498E1BD0AC5600747DCA /* CopyFiles */,
			);
			buildRules = (
			);
			dependencies = (
			);
			name = Procesos;
			productName = Procesos;
			productReference = F10349901BD0AC5600747DCA /* Procesos */;
			productType = "com.apple.product-type.tool";
		};
/* End PBXNativeTarget section */

/* Begin PBXProject section */
		F10349881BD0AC5600747DCA /* Project object */ = {
			isa = PBXProject;
			attributes = {
				LastUpgradeCheck = 0700;
				ORGANIZATIONNAME = "Krikor Bisdikian";
				TargetAttributes = {
					F103498F1BD0AC5600747DCA = {
						CreatedOnToolsVersion = 7.0.1;
					};
				};
			};
			buildConfigurationList = F103498B1BD0AC5600747DCA /* Build configuration list for PBXProject "Procesos" */;
			compatibilityVersion = "Xcode 3.2";
			developmentRegion = English;
			hasScannedForEncodings = 0;
			knownRegions = (
				en,
			);
			mainGroup = F10349871BD0AC5600747DCA;
			productRefGroup = F10349911BD0AC5600747DCA /* Products */;
			projectDirPath = "";
			projectRoot = "";
			targets = (
				F103498F1BD0AC5600747DCA /* Procesos */,
			);
		};
/* End PBXProject section */

/* Begin PBXSourcesBuildPhase section */
		F103498C1BD0AC5600747DCA /* Sources */ = {
			isa = PBXSourcesBuildPhase;
			buildActionMask = 2147483647;
			files = (
				F1396F2E1BD542EE005CFCA8 /* SJF.cpp in Sources */,
				F10349941BD0AC5600747DCA /* main.cpp in Sources */,
				F103499C1BD0AC6A00747DCA /* Process.cpp in Sources */,
			);
			runOnlyForDeploymentPostprocessing = 0;
		};
/* End PBXSourcesBuildPhase section */

/* Begin XCBuildConfiguration section */
		F10349951BD0AC5600747DCA /* Debug */ = {
			isa = XCBuildConfiguration;
			buildSettings = {
				ALWAYS_SEARCH_USER_PATHS = NO;
				CLANG_CXX_LANGUAGE_STANDARD = "gnu++0x";
				CLANG_CXX_LIBRARY = "libc++";
				CLANG_ENABLE_MODULES = YES;
				CLANG_ENABLE_OBJC_ARC = YES;
				CLANG_WARN_BOOL_CONVERSION = YES;
				CLANG_WARN_CONSTANT_CONVERSION = YES;
				CLANG_WARN_DIRECT_OBJC_ISA_USAGE = YES_ERROR;
				CLANG_WARN_EMPTY_BODY = YES;
				CLANG_WARN_ENUM_CONVERSION = YES;
				CLANG_WARN_INT_CONVERSION = YES;
				CLANG_WARN_OBJC_ROOT_CLASS = YES_ERROR;
				CLANG_WARN_UNREACHABLE_CODE = YES;
				CLANG_WARN__DUPLICATE_METHOD_MATCH = YES;
				COPY_PHASE_STRIP = NO;
				DEBUG_INFORMATION_FORMAT = dwarf;
				ENABLE_STRICT_OBJC_MSGSEND = YES;
				ENABLE_TESTABILITY = YES;
				GCC_C_LANGUAGE_STANDARD = gnu99;
				GCC_DYNAMIC_NO_PIC = NO;
				GCC_NO_COMMON_BLOCKS = YES;
				GCC_OPTIMIZATION_LEVEL = 0;
				GCC_PREPROCESSOR_DEFINITIONS = (
					"DEBUG=1",
					"$(inherited)",
				);
				GCC_WARN_64_TO_32_BIT_CONVERSION = YES;
				GCC_WARN_ABOUT_RETURN_TYPE = YES_ERROR;
				GCC_WARN_UNDECLARED_SELECTOR = YES;
				GCC_WARN_UNINITIALIZED_AUTOS = YES_AGGRESSIVE;
				GCC_WARN_UNUSED_FUNCTION = YES;
				GCC_WARN_UNUSED_VARIABLE = YES;
				MACOSX_DEPLOYMENT_TARGET = 10.11;
				MTL_ENABLE_DEBUG_INFO = YES;
				ONLY_ACTIVE_ARCH = YES;
				SDKROOT = macosx;
			};
			name = Debug;
		};
		F10349961BD0AC5600747DCA /* Release */ = {
			isa = XCBuildConfiguration;
			buildSettings = {
				ALWAYS_SEARCH_USER_PATHS = NO;
				CLANG_CXX_LANGUAGE_STANDARD = "gnu++0x";
				CLANG_CXX_LIBRARY = "libc++";
				CLANG_ENABLE_MODULES = YES;
				CLANG_ENABLE_OBJC_ARC = YES;
				CLANG_WARN_BOOL_CONVERSION = YES;
				CLANG_WARN_CONSTANT_CONVERSION = YES;
				CLANG_WARN_DIRECT_OBJC_ISA_USAGE = YES_ERROR;
				CLANG_WARN_EMPTY_BODY = YES;
				CLANG_WARN_ENUM_CONVERSION = YES;
				CLANG_WARN_INT_CONVERSION = YES;
				CLANG_WARN_OBJC_ROOT_CLASS = YES_ERROR;
				CLANG_WARN_UNREACHABLE_CODE = YES;
				CLANG_WARN__DUPLICATE_METHOD_MATCH = YES;
				COPY_PHASE_STRIP = NO;
				DEBUG_INFORMATION_FORMAT = "dwarf-with-dsym";
				ENABLE_NS_ASSERTIONS = NO;
				ENABLE_STRICT_OBJC_MSGSEND = YES;
				GCC_C_LANGUAGE_STANDARD = gnu99;
				GCC_NO_COMMON_BLOCKS = YES;
				GCC_WARN_64_TO_32_BIT_CONVERSION = YES;
				GCC_WARN_ABOUT_RETURN_TYPE = YES_ERROR;
				GCC_WARN_UNDECLARED_SELECTOR = YES;
				GCC_WARN_UNINITIALIZED_AUTOS = YES_AGGRESSIVE;
				GCC_WARN_UNUSED_FUNCTION = YES;
				GCC_WARN_UNUSED_VARIABLE = YES;
				MACOSX_DEPLOYMENT_TARGET = 10.11;
				MTL_ENABLE_DEBUG_INFO = NO;
				SDKROOT = macosx;
			};
			name = Release;
		};
		F10349981BD0AC5600747DCA /* Debug */ = {
			isa = XCBuildConfiguration;
			buildSettings = {
				PRODUCT_NAME = "$(TARGET_NAME)";
			};
			name = Debug;
		};
		F10349991BD0AC5600747DCA /* Release */ = {
			isa = XCBuildConfiguration;
			buildSettings = {
				PRODUCT_NAME = "$(TARGET_NAME)";
			};
			name = Release;
		};
/* End XCBuildConfiguration section */

/* Begin XCConfigurationList section */
		F103498B1BD0AC5600747DCA /* Build configuration list for PBXProject "Procesos" */ = {
			isa = XCConfigurationList;
			buildConfigurations = (
				F10349951BD0AC5600747DCA /* Debug */,
				F10349961BD0AC5600747DCA /* Release */,
			);
			defaultConfigurationIsVisible = 0;
			defaultConfigurationName = Release;
		};
		F10349971BD0AC5600747DCA /* Build configuration list for PBXNativeTarget "Procesos" */ = {
			isa = XCConfigurationList;
			buildConfigurations = (
				F10349981BD0AC5600747DCA /* Debug */,
				F10349991BD0AC5600747DCA /* Release */,
			);
			defaultConfigurationIsVisible = 0;
			defaultConfigurationName = Release;
		};
/* End XCConfigurationList section */
	};
	rootObject = F10349881BD0AC5600747DCA /* Project object */;
}
